
Microsoft Visual Studio Solution File, Format Version 12.00
Project("{FAE04EC0-301F-11D3-BF4B-00C04F79EFBC}") = "V2_WPF_EasySave", "V2_WPF_EasySave\V2_WPF_EasySave.csproj", "{8BC78C9D-C9EE-4860-81C3-F0CF698612A3}"
EndProject
Global
	GlobalSection(SolutionConfigurationPlatforms) = preSolution
		Debug|Any CPU = Debug|Any CPU
		Release|Any CPU = Release|Any CPU
	EndGlobalSection
	GlobalSection(ProjectConfigurationPlatforms) = postSolution
		{8BC78C9D-C9EE-4860-81C3-F0CF698612A3}.Debug|Any CPU.ActiveCfg = Debug|Any CPU
		{8BC78C9D-C9EE-4860-81C3-F0CF698612A3}.Debug|Any CPU.Build.0 = Debug|Any CPU
		{8BC78C9D-C9EE-4860-81C3-F0CF698612A3}.Release|Any CPU.ActiveCfg = Release|Any CPU
		{8BC78C9D-C9EE-4860-81C3-F0CF698612A3}.Release|Any CPU.Build.0 = Release|Any CPU
	EndGlobalSection
EndGlobal
